
Microsoft Visual Studio Solution File, Format Version 12.00
# Visual Studio Version 16
VisualStudioVersion = 16.0.31410.357
MinimumVisualStudioVersion = 10.0.40219.1
Project("{FAE04EC0-301F-11D3-BF4B-00C04F79EFBC}") = "CCalculaor-App", "CCalculaor-App\CCalculaor-App.csproj", "{3CA95257-22F5-4CE6-AEC2-3CE5AB0C8AF7}"
EndProject
Global
	GlobalSection(SolutionConfigurationPlatforms) = preSolution
		Debug|Any CPU = Debug|Any CPU
		Release|Any CPU = Release|Any CPU
	EndGlobalSection
	GlobalSection(ProjectConfigurationPlatforms) = postSolution
		{3CA95257-22F5-4CE6-AEC2-3CE5AB0C8AF7}.Debug|Any CPU.ActiveCfg = Debug|Any CPU
		{3CA95257-22F5-4CE6-AEC2-3CE5AB0C8AF7}.Debug|Any CPU.Build.0 = Debug|Any CPU
		{3CA95257-22F5-4CE6-AEC2-3CE5AB0C8AF7}.Release|Any CPU.ActiveCfg = Release|Any CPU
		{3CA95257-22F5-4CE6-AEC2-3CE5AB0C8AF7}.Release|Any CPU.Build.0 = Release|Any CPU
	EndGlobalSection
	GlobalSection(SolutionProperties) = preSolution
		HideSolutionNode = FALSE
	EndGlobalSection
	GlobalSection(ExtensibilityGlobals) = postSolution
		SolutionGuid = {380ADCCC-A189-4A3D-91C8-586C9EA6A74A}
	EndGlobalSection
EndGlobal
